{
    "concrete_specs": {
        "4zgnw5n6v32wunbjg4ajkt3tukld2uo6": {
            "name": "present_new_enough",
                "version": "1.2.3",
                "arch": {
                    "platform": "linux",
                    "platform_os": "ubuntu20.04",
                    "target": "x86_64"
                },
                "compiler": {"name": "gcc", "version": "9.4.0"},
                "hash": "4zgnw5n6v32wunbjg4ajkt3tukld2uo6"
        },
        "rexlp3wrtheojr4o3dsa5lcctgixpa6x": {
            "name": "absent_new_enough",
            "version": "4.5.6",
            "arch": {
                "platform": "linux",
                "platform_os": "ubuntu20.04",
                "target": "x86_64"
            },
            "compiler": {"name": "gcc", "version": "9.4.0"},
            "hash": "rexlp3wrtheojr4o3dsa5lcctgixpa6x"
        },
        "xi6262rcvjhsobjid63toj7nwvjlj6x5": {
            "name": "present_too_old",
            "version": "1.4.3",
            "arch": {
                "platform": "linux",
                "platform_os": "ubuntu22.04",
                "target": "x86_64"
            },
            "compiler": {"name": "gcc", "version": "12.2.0"},
            "hash": "xi6262rcvjhsobjid63toj7nwvjlj6x5"
        },
        "ydl77hkfdl6w4tuwv5wznvbxmf6uvvra": {
            "name": "absent_too_old",
            "version": "4.3.1-4.3.4",
            "arch": {
                "platform": "linux",
                "platform_os": "ubuntu20.04",
                "target": "x86_64"
            },
            "compiler": {"name": "gcc", "version": "9.4.0"},
            "hash": "ydl77hkfdl6w4tuwv5wznvbxmf6uvvra"
        }
    }
}
